// !$*UTF8*$!
{
	archiveVersion = 1;
	classes = {
	};
	objectVersion = 56;
	objects = {

/* Begin PBXBuildFile section */
		252E5E4E2C1ABADD000526B2 /* SyncSheet.swift in Sources */ = {isa = PBXBuildFile; fileRef = 252E5E4D2C1ABADD000526B2 /* SyncSheet.swift */; };
		252E5E522C1AC072000526B2 /* SpotifyPlaylists.swift in Sources */ = {isa = PBXBuildFile; fileRef = 252E5E512C1AC072000526B2 /* SpotifyPlaylists.swift */; };
		252E5E542C1AC099000526B2 /* MusicKitPlaylists.swift in Sources */ = {isa = PBXBuildFile; fileRef = 252E5E532C1AC099000526B2 /* MusicKitPlaylists.swift */; };
		25520F4C2BFDBA5D00BAFC46 /* MusicKit.swift in Sources */ = {isa = PBXBuildFile; fileRef = 25520F4B2BFDBA5D00BAFC46 /* MusicKit.swift */; };
		25520F4E2BFDBA6200BAFC46 /* Spotify.swift in Sources */ = {isa = PBXBuildFile; fileRef = 25520F4D2BFDBA6200BAFC46 /* Spotify.swift */; };
		2568E3D52C1AF894004D0612 /* SyncController.swift in Sources */ = {isa = PBXBuildFile; fileRef = 2568E3D42C1AF894004D0612 /* SyncController.swift */; };
		257A68A82BFCFD080056916E /* PlaylistSyncApp.swift in Sources */ = {isa = PBXBuildFile; fileRef = 257A68A72BFCFD080056916E /* PlaylistSyncApp.swift */; };
		257A68AA2BFCFD080056916E /* ContentView.swift in Sources */ = {isa = PBXBuildFile; fileRef = 257A68A92BFCFD080056916E /* ContentView.swift */; };
		257A68AC2BFCFD080056916E /* Assets.xcassets in Resources */ = {isa = PBXBuildFile; fileRef = 257A68AB2BFCFD080056916E /* Assets.xcassets */; };
		257A68AF2BFCFD080056916E /* Preview Assets.xcassets in Resources */ = {isa = PBXBuildFile; fileRef = 257A68AE2BFCFD080056916E /* Preview Assets.xcassets */; };
		257ACE352C188925004F9BA2 /* AuthStatus.swift in Sources */ = {isa = PBXBuildFile; fileRef = 257ACE342C188925004F9BA2 /* AuthStatus.swift */; };
		25816C7B2C02452400F9D7FE /* MatchingAlgorithm.swift in Sources */ = {isa = PBXBuildFile; fileRef = 25816C7A2C02452400F9D7FE /* MatchingAlgorithm.swift */; };
		259187E52BFF1205002D03EF /* SettingsTabView.swift in Sources */ = {isa = PBXBuildFile; fileRef = 259187E42BFF1205002D03EF /* SettingsTabView.swift */; };
		259187E92BFF1FE0002D03EF /* ItemLabel.swift in Sources */ = {isa = PBXBuildFile; fileRef = 259187E82BFF1FE0002D03EF /* ItemLabel.swift */; };
		2595CE7F2BFE004600938A15 /* SpotifyResponses.swift in Sources */ = {isa = PBXBuildFile; fileRef = 2595CE7E2BFE004600938A15 /* SpotifyResponses.swift */; };
		25CBEDC32C039F6D00CB624C /* HorizontalAlignedLabel.swift in Sources */ = {isa = PBXBuildFile; fileRef = 25CBEDC22C039F6D00CB624C /* HorizontalAlignedLabel.swift */; };
		25D6FB2E2C1C0C42000CB9BD /* PlaylistSelection.swift in Sources */ = {isa = PBXBuildFile; fileRef = 25D6FB2D2C1C0C42000CB9BD /* PlaylistSelection.swift */; };
		25D6FB362C1C177B000CB9BD /* SyncToMusicKit.swift in Sources */ = {isa = PBXBuildFile; fileRef = 25D6FB352C1C177B000CB9BD /* SyncToMusicKit.swift */; };
		25D6FB382C1C1781000CB9BD /* SyncToSpotify.swift in Sources */ = {isa = PBXBuildFile; fileRef = 25D6FB372C1C1781000CB9BD /* SyncToSpotify.swift */; };
		25D6FB3C2C1C1A01000CB9BD /* MusicKitMatchedSongs.swift in Sources */ = {isa = PBXBuildFile; fileRef = 25D6FB3B2C1C1A01000CB9BD /* MusicKitMatchedSongs.swift */; };
		25E40A982C19AFC700A2A834 /* SyncData.swift in Sources */ = {isa = PBXBuildFile; fileRef = 25E40A972C19AFC700A2A834 /* SyncData.swift */; };
		25E40A9A2C19B04A00A2A834 /* SyncSettings.swift in Sources */ = {isa = PBXBuildFile; fileRef = 25E40A992C19B04A00A2A834 /* SyncSettings.swift */; };
		25E40A9E2C19B12D00A2A834 /* SyncButton.swift in Sources */ = {isa = PBXBuildFile; fileRef = 25E40A9D2C19B12D00A2A834 /* SyncButton.swift */; };
		25EA7D822C18266000E7FDB8 /* SyncTabView.swift in Sources */ = {isa = PBXBuildFile; fileRef = 25EA7D812C18266000E7FDB8 /* SyncTabView.swift */; };
		25EA7D892C183FC400E7FDB8 /* SpotifyErrors.swift in Sources */ = {isa = PBXBuildFile; fileRef = 25EA7D882C183FC400E7FDB8 /* SpotifyErrors.swift */; };
		25EA7D8B2C183FD600E7FDB8 /* MusicKitErrors.swift in Sources */ = {isa = PBXBuildFile; fileRef = 25EA7D8A2C183FD600E7FDB8 /* MusicKitErrors.swift */; };
/* End PBXBuildFile section */

/* Begin PBXFileReference section */
		252E5E4D2C1ABADD000526B2 /* SyncSheet.swift */ = {isa = PBXFileReference; lastKnownFileType = sourcecode.swift; path = SyncSheet.swift; sourceTree = "<group>"; };
		252E5E512C1AC072000526B2 /* SpotifyPlaylists.swift */ = {isa = PBXFileReference; lastKnownFileType = sourcecode.swift; path = SpotifyPlaylists.swift; sourceTree = "<group>"; };
		252E5E532C1AC099000526B2 /* MusicKitPlaylists.swift */ = {isa = PBXFileReference; lastKnownFileType = sourcecode.swift; path = MusicKitPlaylists.swift; sourceTree = "<group>"; };
		25520F472BFDB8B500BAFC46 /* Info.plist */ = {isa = PBXFileReference; lastKnownFileType = text.plist; path = Info.plist; sourceTree = "<group>"; };
		25520F4B2BFDBA5D00BAFC46 /* MusicKit.swift */ = {isa = PBXFileReference; lastKnownFileType = sourcecode.swift; path = MusicKit.swift; sourceTree = "<group>"; };
		25520F4D2BFDBA6200BAFC46 /* Spotify.swift */ = {isa = PBXFileReference; lastKnownFileType = sourcecode.swift; path = Spotify.swift; sourceTree = "<group>"; };
		2568E3D42C1AF894004D0612 /* SyncController.swift */ = {isa = PBXFileReference; lastKnownFileType = sourcecode.swift; path = SyncController.swift; sourceTree = "<group>"; };
		257A68A42BFCFD080056916E /* PlaylistSync.app */ = {isa = PBXFileReference; explicitFileType = wrapper.application; includeInIndex = 0; path = PlaylistSync.app; sourceTree = BUILT_PRODUCTS_DIR; };
		257A68A72BFCFD080056916E /* PlaylistSyncApp.swift */ = {isa = PBXFileReference; lastKnownFileType = sourcecode.swift; path = PlaylistSyncApp.swift; sourceTree = "<group>"; };
		257A68A92BFCFD080056916E /* ContentView.swift */ = {isa = PBXFileReference; lastKnownFileType = sourcecode.swift; path = ContentView.swift; sourceTree = "<group>"; };
		257A68AB2BFCFD080056916E /* Assets.xcassets */ = {isa = PBXFileReference; lastKnownFileType = folder.assetcatalog; path = Assets.xcassets; sourceTree = "<group>"; };
		257A68AE2BFCFD080056916E /* Preview Assets.xcassets */ = {isa = PBXFileReference; lastKnownFileType = folder.assetcatalog; path = "Preview Assets.xcassets"; sourceTree = "<group>"; };
		257ACE342C188925004F9BA2 /* AuthStatus.swift */ = {isa = PBXFileReference; lastKnownFileType = sourcecode.swift; path = AuthStatus.swift; sourceTree = "<group>"; };
		25816C7A2C02452400F9D7FE /* MatchingAlgorithm.swift */ = {isa = PBXFileReference; lastKnownFileType = sourcecode.swift; path = MatchingAlgorithm.swift; sourceTree = "<group>"; };
		259187E42BFF1205002D03EF /* SettingsTabView.swift */ = {isa = PBXFileReference; lastKnownFileType = sourcecode.swift; path = SettingsTabView.swift; sourceTree = "<group>"; };
		259187E82BFF1FE0002D03EF /* ItemLabel.swift */ = {isa = PBXFileReference; lastKnownFileType = sourcecode.swift; path = ItemLabel.swift; sourceTree = "<group>"; };
		2595CE7E2BFE004600938A15 /* SpotifyResponses.swift */ = {isa = PBXFileReference; lastKnownFileType = sourcecode.swift; path = SpotifyResponses.swift; sourceTree = "<group>"; };
		25CBEDC22C039F6D00CB624C /* HorizontalAlignedLabel.swift */ = {isa = PBXFileReference; lastKnownFileType = sourcecode.swift; path = HorizontalAlignedLabel.swift; sourceTree = "<group>"; };
		25D6FB2D2C1C0C42000CB9BD /* PlaylistSelection.swift */ = {isa = PBXFileReference; lastKnownFileType = sourcecode.swift; path = PlaylistSelection.swift; sourceTree = "<group>"; };
		25D6FB352C1C177B000CB9BD /* SyncToMusicKit.swift */ = {isa = PBXFileReference; lastKnownFileType = sourcecode.swift; path = SyncToMusicKit.swift; sourceTree = "<group>"; };
		25D6FB372C1C1781000CB9BD /* SyncToSpotify.swift */ = {isa = PBXFileReference; lastKnownFileType = sourcecode.swift; path = SyncToSpotify.swift; sourceTree = "<group>"; };
		25D6FB3B2C1C1A01000CB9BD /* MusicKitMatchedSongs.swift */ = {isa = PBXFileReference; lastKnownFileType = sourcecode.swift; path = MusicKitMatchedSongs.swift; sourceTree = "<group>"; };
		25E40A972C19AFC700A2A834 /* SyncData.swift */ = {isa = PBXFileReference; lastKnownFileType = sourcecode.swift; path = SyncData.swift; sourceTree = "<group>"; };
		25E40A992C19B04A00A2A834 /* SyncSettings.swift */ = {isa = PBXFileReference; lastKnownFileType = sourcecode.swift; path = SyncSettings.swift; sourceTree = "<group>"; };
		25E40A9D2C19B12D00A2A834 /* SyncButton.swift */ = {isa = PBXFileReference; lastKnownFileType = sourcecode.swift; path = SyncButton.swift; sourceTree = "<group>"; };
		25EA7D812C18266000E7FDB8 /* SyncTabView.swift */ = {isa = PBXFileReference; lastKnownFileType = sourcecode.swift; path = SyncTabView.swift; sourceTree = "<group>"; };
		25EA7D882C183FC400E7FDB8 /* SpotifyErrors.swift */ = {isa = PBXFileReference; lastKnownFileType = sourcecode.swift; path = SpotifyErrors.swift; sourceTree = "<group>"; };
		25EA7D8A2C183FD600E7FDB8 /* MusicKitErrors.swift */ = {isa = PBXFileReference; lastKnownFileType = sourcecode.swift; path = MusicKitErrors.swift; sourceTree = "<group>"; };
/* End PBXFileReference section */

/* Begin PBXFrameworksBuildPhase section */
		257A68A12BFCFD080056916E /* Frameworks */ = {
			isa = PBXFrameworksBuildPhase;
			buildActionMask = 2147483647;
			files = (
			);
			runOnlyForDeploymentPostprocessing = 0;
		};
/* End PBXFrameworksBuildPhase section */

/* Begin PBXGroup section */
		252E5E502C1AC064000526B2 /* Playlists */ = {
			isa = PBXGroup;
			children = (
				252E5E512C1AC072000526B2 /* SpotifyPlaylists.swift */,
				252E5E532C1AC099000526B2 /* MusicKitPlaylists.swift */,
			);
			path = Playlists;
			sourceTree = "<group>";
		};
		2568E3D62C1B0C5A004D0612 /* SyncSheets */ = {
			isa = PBXGroup;
			children = (
				25D6FB3A2C1C19C5000CB9BD /* Spotify */,
				25D6FB392C1C19BD000CB9BD /* MusicKit */,
			);
			path = SyncSheets;
			sourceTree = "<group>";
		};
		257A689B2BFCFD080056916E = {
			isa = PBXGroup;
			children = (
				257A68A62BFCFD080056916E /* PlaylistSync */,
				257A68A52BFCFD080056916E /* Products */,
			);
			sourceTree = "<group>";
		};
		257A68A52BFCFD080056916E /* Products */ = {
			isa = PBXGroup;
			children = (
				257A68A42BFCFD080056916E /* PlaylistSync.app */,
			);
			name = Products;
			sourceTree = "<group>";
		};
		257A68A62BFCFD080056916E /* PlaylistSync */ = {
			isa = PBXGroup;
			children = (
				25EA7D872C183FB900E7FDB8 /* Errors */,
				25EA7D842C183F7900E7FDB8 /* Structs */,
				25EA7D832C183F6B00E7FDB8 /* Classes */,
				25C5BC942C0F0CA40098A9F3 /* Helpers */,
				2595CE742BFDFC2700938A15 /* Views */,
				25520F472BFDB8B500BAFC46 /* Info.plist */,
				257A68A72BFCFD080056916E /* PlaylistSyncApp.swift */,
				257A68A92BFCFD080056916E /* ContentView.swift */,
				257A68AB2BFCFD080056916E /* Assets.xcassets */,
				257A68AD2BFCFD080056916E /* Preview Content */,
				25CBEDC22C039F6D00CB624C /* HorizontalAlignedLabel.swift */,
			);
			path = PlaylistSync;
			sourceTree = "<group>";
		};
		257A68AD2BFCFD080056916E /* Preview Content */ = {
			isa = PBXGroup;
			children = (
				257A68AE2BFCFD080056916E /* Preview Assets.xcassets */,
			);
			path = "Preview Content";
			sourceTree = "<group>";
		};
		2595CE742BFDFC2700938A15 /* Views */ = {
			isa = PBXGroup;
			children = (
				25EA7D8F2C18888600E7FDB8 /* SyncTab */,
				25EA7D812C18266000E7FDB8 /* SyncTabView.swift */,
				259187E42BFF1205002D03EF /* SettingsTabView.swift */,
				259187E82BFF1FE0002D03EF /* ItemLabel.swift */,
			);
			path = Views;
			sourceTree = "<group>";
		};
		25C5BC942C0F0CA40098A9F3 /* Helpers */ = {
			isa = PBXGroup;
			children = (
				25816C7A2C02452400F9D7FE /* MatchingAlgorithm.swift */,
			);
			path = Helpers;
			sourceTree = "<group>";
		};
		25D6FB2C2C1C0C34000CB9BD /* SyncData */ = {
			isa = PBXGroup;
			children = (
				252E5E502C1AC064000526B2 /* Playlists */,
				25E40A972C19AFC700A2A834 /* SyncData.swift */,
				25D6FB2D2C1C0C42000CB9BD /* PlaylistSelection.swift */,
			);
			path = SyncData;
			sourceTree = "<group>";
		};
		25D6FB392C1C19BD000CB9BD /* MusicKit */ = {
			isa = PBXGroup;
			children = (
				25D6FB352C1C177B000CB9BD /* SyncToMusicKit.swift */,
				25D6FB3B2C1C1A01000CB9BD /* MusicKitMatchedSongs.swift */,
			);
			path = MusicKit;
			sourceTree = "<group>";
		};
		25D6FB3A2C1C19C5000CB9BD /* Spotify */ = {
			isa = PBXGroup;
			children = (
				25D6FB372C1C1781000CB9BD /* SyncToSpotify.swift */,
			);
			path = Spotify;
			sourceTree = "<group>";
		};
		25EA7D832C183F6B00E7FDB8 /* Classes */ = {
			isa = PBXGroup;
			children = (
				25520F4B2BFDBA5D00BAFC46 /* MusicKit.swift */,
				25520F4D2BFDBA6200BAFC46 /* Spotify.swift */,
				2568E3D42C1AF894004D0612 /* SyncController.swift */,
			);
			path = Classes;
			sourceTree = "<group>";
		};
		25EA7D842C183F7900E7FDB8 /* Structs */ = {
			isa = PBXGroup;
			children = (
				2595CE7E2BFE004600938A15 /* SpotifyResponses.swift */,
			);
			path = Structs;
			sourceTree = "<group>";
		};
		25EA7D872C183FB900E7FDB8 /* Errors */ = {
			isa = PBXGroup;
			children = (
				25EA7D882C183FC400E7FDB8 /* SpotifyErrors.swift */,
				25EA7D8A2C183FD600E7FDB8 /* MusicKitErrors.swift */,
			);
			path = Errors;
			sourceTree = "<group>";
		};
		25EA7D8F2C18888600E7FDB8 /* SyncTab */ = {
			isa = PBXGroup;
			children = (
				257ACE342C188925004F9BA2 /* AuthStatus.swift */,
				25D6FB2C2C1C0C34000CB9BD /* SyncData */,
				25E40A992C19B04A00A2A834 /* SyncSettings.swift */,
				25E40A9D2C19B12D00A2A834 /* SyncButton.swift */,
				252E5E4D2C1ABADD000526B2 /* SyncSheet.swift */,
				2568E3D62C1B0C5A004D0612 /* SyncSheets */,
			);
			path = SyncTab;
			sourceTree = "<group>";
		};
/* End PBXGroup section */

/* Begin PBXNativeTarget section */
		257A68A32BFCFD080056916E /* PlaylistSync */ = {
			isa = PBXNativeTarget;
			buildConfigurationList = 257A68B22BFCFD080056916E /* Build configuration list for PBXNativeTarget "PlaylistSync" */;
			buildPhases = (
				257A68A02BFCFD080056916E /* Sources */,
				257A68A12BFCFD080056916E /* Frameworks */,
				257A68A22BFCFD080056916E /* Resources */,
			);
			buildRules = (
			);
			dependencies = (
			);
			name = PlaylistSync;
			packageProductDependencies = (
			);
			productName = PlaylistSync;
			productReference = 257A68A42BFCFD080056916E /* PlaylistSync.app */;
			productType = "com.apple.product-type.application";
		};
/* End PBXNativeTarget section */

/* Begin PBXProject section */
		257A689C2BFCFD080056916E /* Project object */ = {
			isa = PBXProject;
			attributes = {
				BuildIndependentTargetsInParallel = 1;
				LastSwiftUpdateCheck = 1540;
				LastUpgradeCheck = 1540;
				TargetAttributes = {
					257A68A32BFCFD080056916E = {
						CreatedOnToolsVersion = 15.4;
					};
				};
			};
			buildConfigurationList = 257A689F2BFCFD080056916E /* Build configuration list for PBXProject "PlaylistSync" */;
			compatibilityVersion = "Xcode 14.0";
			developmentRegion = en;
			hasScannedForEncodings = 0;
			knownRegions = (
				en,
				Base,
			);
			mainGroup = 257A689B2BFCFD080056916E;
			packageReferences = (
			);
			productRefGroup = 257A68A52BFCFD080056916E /* Products */;
			projectDirPath = "";
			projectRoot = "";
			targets = (
				257A68A32BFCFD080056916E /* PlaylistSync */,
			);
		};
/* End PBXProject section */

/* Begin PBXResourcesBuildPhase section */
		257A68A22BFCFD080056916E /* Resources */ = {
			isa = PBXResourcesBuildPhase;
			buildActionMask = 2147483647;
			files = (
				257A68AF2BFCFD080056916E /* Preview Assets.xcassets in Resources */,
				257A68AC2BFCFD080056916E /* Assets.xcassets in Resources */,
			);
			runOnlyForDeploymentPostprocessing = 0;
		};
/* End PBXResourcesBuildPhase section */

/* Begin PBXSourcesBuildPhase section */
		257A68A02BFCFD080056916E /* Sources */ = {
			isa = PBXSourcesBuildPhase;
			buildActionMask = 2147483647;
			files = (
				252E5E542C1AC099000526B2 /* MusicKitPlaylists.swift in Sources */,
				25816C7B2C02452400F9D7FE /* MatchingAlgorithm.swift in Sources */,
				25EA7D822C18266000E7FDB8 /* SyncTabView.swift in Sources */,
				252E5E522C1AC072000526B2 /* SpotifyPlaylists.swift in Sources */,
				257ACE352C188925004F9BA2 /* AuthStatus.swift in Sources */,
				257A68AA2BFCFD080056916E /* ContentView.swift in Sources */,
				25EA7D8B2C183FD600E7FDB8 /* MusicKitErrors.swift in Sources */,
				25D6FB382C1C1781000CB9BD /* SyncToSpotify.swift in Sources */,
				25E40A982C19AFC700A2A834 /* SyncData.swift in Sources */,
				2595CE7F2BFE004600938A15 /* SpotifyResponses.swift in Sources */,
				25CBEDC32C039F6D00CB624C /* HorizontalAlignedLabel.swift in Sources */,
				25520F4E2BFDBA6200BAFC46 /* Spotify.swift in Sources */,
				25E40A9A2C19B04A00A2A834 /* SyncSettings.swift in Sources */,
				25E40A9E2C19B12D00A2A834 /* SyncButton.swift in Sources */,
				25D6FB3C2C1C1A01000CB9BD /* MusicKitMatchedSongs.swift in Sources */,
				259187E52BFF1205002D03EF /* SettingsTabView.swift in Sources */,
				257A68A82BFCFD080056916E /* PlaylistSyncApp.swift in Sources */,
				252E5E4E2C1ABADD000526B2 /* SyncSheet.swift in Sources */,
				25D6FB2E2C1C0C42000CB9BD /* PlaylistSelection.swift in Sources */,
				2568E3D52C1AF894004D0612 /* SyncController.swift in Sources */,
				25D6FB362C1C177B000CB9BD /* SyncToMusicKit.swift in Sources */,
				259187E92BFF1FE0002D03EF /* ItemLabel.swift in Sources */,
				25EA7D892C183FC400E7FDB8 /* SpotifyErrors.swift in Sources */,
				25520F4C2BFDBA5D00BAFC46 /* MusicKit.swift in Sources */,
			);
			runOnlyForDeploymentPostprocessing = 0;
		};
/* End PBXSourcesBuildPhase section */

/* Begin XCBuildConfiguration section */
		257A68B02BFCFD080056916E /* Debug */ = {
			isa = XCBuildConfiguration;
			buildSettings = {
				ALWAYS_SEARCH_USER_PATHS = NO;
				ASSETCATALOG_COMPILER_GENERATE_SWIFT_ASSET_SYMBOL_EXTENSIONS = YES;
				CLANG_ANALYZER_NONNULL = YES;
				CLANG_ANALYZER_NUMBER_OBJECT_CONVERSION = YES_AGGRESSIVE;
				CLANG_CXX_LANGUAGE_STANDARD = "gnu++20";
				CLANG_ENABLE_MODULES = YES;
				CLANG_ENABLE_OBJC_ARC = YES;
				CLANG_ENABLE_OBJC_WEAK = YES;
				CLANG_WARN_BLOCK_CAPTURE_AUTORELEASING = YES;
				CLANG_WARN_BOOL_CONVERSION = YES;
				CLANG_WARN_COMMA = YES;
				CLANG_WARN_CONSTANT_CONVERSION = YES;
				CLANG_WARN_DEPRECATED_OBJC_IMPLEMENTATIONS = YES;
				CLANG_WARN_DIRECT_OBJC_ISA_USAGE = YES_ERROR;
				CLANG_WARN_DOCUMENTATION_COMMENTS = YES;
				CLANG_WARN_EMPTY_BODY = YES;
				CLANG_WARN_ENUM_CONVERSION = YES;
				CLANG_WARN_INFINITE_RECURSION = YES;
				CLANG_WARN_INT_CONVERSION = YES;
				CLANG_WARN_NON_LITERAL_NULL_CONVERSION = YES;
				CLANG_WARN_OBJC_IMPLICIT_RETAIN_SELF = YES;
				CLANG_WARN_OBJC_LITERAL_CONVERSION = YES;
				CLANG_WARN_OBJC_ROOT_CLASS = YES_ERROR;
				CLANG_WARN_QUOTED_INCLUDE_IN_FRAMEWORK_HEADER = YES;
				CLANG_WARN_RANGE_LOOP_ANALYSIS = YES;
				CLANG_WARN_STRICT_PROTOTYPES = YES;
				CLANG_WARN_SUSPICIOUS_MOVE = YES;
				CLANG_WARN_UNGUARDED_AVAILABILITY = YES_AGGRESSIVE;
				CLANG_WARN_UNREACHABLE_CODE = YES;
				CLANG_WARN__DUPLICATE_METHOD_MATCH = YES;
				COPY_PHASE_STRIP = NO;
				DEBUG_INFORMATION_FORMAT = dwarf;
				ENABLE_STRICT_OBJC_MSGSEND = YES;
				ENABLE_TESTABILITY = YES;
				ENABLE_USER_SCRIPT_SANDBOXING = YES;
				GCC_C_LANGUAGE_STANDARD = gnu17;
				GCC_DYNAMIC_NO_PIC = NO;
				GCC_NO_COMMON_BLOCKS = YES;
				GCC_OPTIMIZATION_LEVEL = 0;
				GCC_PREPROCESSOR_DEFINITIONS = (
					"DEBUG=1",
					"$(inherited)",
				);
				GCC_WARN_64_TO_32_BIT_CONVERSION = YES;
				GCC_WARN_ABOUT_RETURN_TYPE = YES_ERROR;
				GCC_WARN_UNDECLARED_SELECTOR = YES;
				GCC_WARN_UNINITIALIZED_AUTOS = YES_AGGRESSIVE;
				GCC_WARN_UNUSED_FUNCTION = YES;
				GCC_WARN_UNUSED_VARIABLE = YES;
				IPHONEOS_DEPLOYMENT_TARGET = 17.5;
				LOCALIZATION_PREFERS_STRING_CATALOGS = YES;
				MTL_ENABLE_DEBUG_INFO = INCLUDE_SOURCE;
				MTL_FAST_MATH = YES;
				ONLY_ACTIVE_ARCH = YES;
				OTHER_LDFLAGS = "";
				SDKROOT = iphoneos;
				SWIFT_ACTIVE_COMPILATION_CONDITIONS = "DEBUG $(inherited)";
				SWIFT_OPTIMIZATION_LEVEL = "-Onone";
			};
			name = Debug;
		};
		257A68B12BFCFD080056916E /* Release */ = {
			isa = XCBuildConfiguration;
			buildSettings = {
				ALWAYS_SEARCH_USER_PATHS = NO;
				ASSETCATALOG_COMPILER_GENERATE_SWIFT_ASSET_SYMBOL_EXTENSIONS = YES;
				CLANG_ANALYZER_NONNULL = YES;
				CLANG_ANALYZER_NUMBER_OBJECT_CONVERSION = YES_AGGRESSIVE;
				CLANG_CXX_LANGUAGE_STANDARD = "gnu++20";
				CLANG_ENABLE_MODULES = YES;
				CLANG_ENABLE_OBJC_ARC = YES;
				CLANG_ENABLE_OBJC_WEAK = YES;
				CLANG_WARN_BLOCK_CAPTURE_AUTORELEASING = YES;
				CLANG_WARN_BOOL_CONVERSION = YES;
				CLANG_WARN_COMMA = YES;
				CLANG_WARN_CONSTANT_CONVERSION = YES;
				CLANG_WARN_DEPRECATED_OBJC_IMPLEMENTATIONS = YES;
				CLANG_WARN_DIRECT_OBJC_ISA_USAGE = YES_ERROR;
				CLANG_WARN_DOCUMENTATION_COMMENTS = YES;
				CLANG_WARN_EMPTY_BODY = YES;
				CLANG_WARN_ENUM_CONVERSION = YES;
				CLANG_WARN_INFINITE_RECURSION = YES;
				CLANG_WARN_INT_CONVERSION = YES;
				CLANG_WARN_NON_LITERAL_NULL_CONVERSION = YES;
				CLANG_WARN_OBJC_IMPLICIT_RETAIN_SELF = YES;
				CLANG_WARN_OBJC_LITERAL_CONVERSION = YES;
				CLANG_WARN_OBJC_ROOT_CLASS = YES_ERROR;
				CLANG_WARN_QUOTED_INCLUDE_IN_FRAMEWORK_HEADER = YES;
				CLANG_WARN_RANGE_LOOP_ANALYSIS = YES;
				CLANG_WARN_STRICT_PROTOTYPES = YES;
				CLANG_WARN_SUSPICIOUS_MOVE = YES;
				CLANG_WARN_UNGUARDED_AVAILABILITY = YES_AGGRESSIVE;
				CLANG_WARN_UNREACHABLE_CODE = YES;
				CLANG_WARN__DUPLICATE_METHOD_MATCH = YES;
				COPY_PHASE_STRIP = NO;
				DEBUG_INFORMATION_FORMAT = "dwarf-with-dsym";
				ENABLE_NS_ASSERTIONS = NO;
				ENABLE_STRICT_OBJC_MSGSEND = YES;
				ENABLE_USER_SCRIPT_SANDBOXING = YES;
				GCC_C_LANGUAGE_STANDARD = gnu17;
				GCC_NO_COMMON_BLOCKS = YES;
				GCC_WARN_64_TO_32_BIT_CONVERSION = YES;
				GCC_WARN_ABOUT_RETURN_TYPE = YES_ERROR;
				GCC_WARN_UNDECLARED_SELECTOR = YES;
				GCC_WARN_UNINITIALIZED_AUTOS = YES_AGGRESSIVE;
				GCC_WARN_UNUSED_FUNCTION = YES;
				GCC_WARN_UNUSED_VARIABLE = YES;
				IPHONEOS_DEPLOYMENT_TARGET = 17.5;
				LOCALIZATION_PREFERS_STRING_CATALOGS = YES;
				MTL_ENABLE_DEBUG_INFO = NO;
				MTL_FAST_MATH = YES;
				OTHER_LDFLAGS = "";
				SDKROOT = iphoneos;
				SWIFT_COMPILATION_MODE = wholemodule;
				VALIDATE_PRODUCT = YES;
			};
			name = Release;
		};
		257A68B32BFCFD080056916E /* Debug */ = {
			isa = XCBuildConfiguration;
			buildSettings = {
				ASSETCATALOG_COMPILER_APPICON_NAME = AppIcon;
				ASSETCATALOG_COMPILER_GLOBAL_ACCENT_COLOR_NAME = AccentColor;
				CODE_SIGN_STYLE = Automatic;
				CURRENT_PROJECT_VERSION = 1;
				DEVELOPMENT_ASSET_PATHS = "\"PlaylistSync/Preview Content\"";
				DEVELOPMENT_TEAM = UU6Y3A827V;
				ENABLE_PREVIEWS = YES;
				GENERATE_INFOPLIST_FILE = YES;
				INFOPLIST_FILE = PlaylistSync/Info.plist;
				INFOPLIST_KEY_NSAppleMusicUsageDescription = "Used to sync Playlists across Apple Music and other Apps";
				INFOPLIST_KEY_UIApplicationSceneManifest_Generation = YES;
				INFOPLIST_KEY_UIApplicationSupportsIndirectInputEvents = YES;
				INFOPLIST_KEY_UILaunchScreen_Generation = YES;
				INFOPLIST_KEY_UISupportedInterfaceOrientations_iPad = "UIInterfaceOrientationPortrait UIInterfaceOrientationPortraitUpsideDown UIInterfaceOrientationLandscapeLeft UIInterfaceOrientationLandscapeRight";
				INFOPLIST_KEY_UISupportedInterfaceOrientations_iPhone = "UIInterfaceOrientationPortrait UIInterfaceOrientationLandscapeLeft UIInterfaceOrientationLandscapeRight";
				LD_RUNPATH_SEARCH_PATHS = (
					"$(inherited)",
					"@executable_path/Frameworks",
				);
				MARKETING_VERSION = 1.0;
				PRODUCT_BUNDLE_IDENTIFIER = com.lassewolpmann.PlaylistSync;
				PRODUCT_NAME = "$(TARGET_NAME)";
				SWIFT_EMIT_LOC_STRINGS = YES;
				SWIFT_VERSION = 5.0;
				TARGETED_DEVICE_FAMILY = "1,2";
			};
			name = Debug;
		};
		257A68B42BFCFD080056916E /* Release */ = {
			isa = XCBuildConfiguration;
			buildSettings = {
				ASSETCATALOG_COMPILER_APPICON_NAME = AppIcon;
				ASSETCATALOG_COMPILER_GLOBAL_ACCENT_COLOR_NAME = AccentColor;
				CODE_SIGN_STYLE = Automatic;
				CURRENT_PROJECT_VERSION = 1;
				DEVELOPMENT_ASSET_PATHS = "\"PlaylistSync/Preview Content\"";
				DEVELOPMENT_TEAM = UU6Y3A827V;
				ENABLE_PREVIEWS = YES;
				GENERATE_INFOPLIST_FILE = YES;
				INFOPLIST_FILE = PlaylistSync/Info.plist;
				INFOPLIST_KEY_NSAppleMusicUsageDescription = "Used to sync Playlists across Apple Music and other Apps";
				INFOPLIST_KEY_UIApplicationSceneManifest_Generation = YES;
				INFOPLIST_KEY_UIApplicationSupportsIndirectInputEvents = YES;
				INFOPLIST_KEY_UILaunchScreen_Generation = YES;
				INFOPLIST_KEY_UISupportedInterfaceOrientations_iPad = "UIInterfaceOrientationPortrait UIInterfaceOrientationPortraitUpsideDown UIInterfaceOrientationLandscapeLeft UIInterfaceOrientationLandscapeRight";
				INFOPLIST_KEY_UISupportedInterfaceOrientations_iPhone = "UIInterfaceOrientationPortrait UIInterfaceOrientationLandscapeLeft UIInterfaceOrientationLandscapeRight";
				LD_RUNPATH_SEARCH_PATHS = (
					"$(inherited)",
					"@executable_path/Frameworks",
				);
				MARKETING_VERSION = 1.0;
				PRODUCT_BUNDLE_IDENTIFIER = com.lassewolpmann.PlaylistSync;
				PRODUCT_NAME = "$(TARGET_NAME)";
				SWIFT_EMIT_LOC_STRINGS = YES;
				SWIFT_VERSION = 5.0;
				TARGETED_DEVICE_FAMILY = "1,2";
			};
			name = Release;
		};
/* End XCBuildConfiguration section */

/* Begin XCConfigurationList section */
		257A689F2BFCFD080056916E /* Build configuration list for PBXProject "PlaylistSync" */ = {
			isa = XCConfigurationList;
			buildConfigurations = (
				257A68B02BFCFD080056916E /* Debug */,
				257A68B12BFCFD080056916E /* Release */,
			);
			defaultConfigurationIsVisible = 0;
			defaultConfigurationName = Release;
		};
		257A68B22BFCFD080056916E /* Build configuration list for PBXNativeTarget "PlaylistSync" */ = {
			isa = XCConfigurationList;
			buildConfigurations = (
				257A68B32BFCFD080056916E /* Debug */,
				257A68B42BFCFD080056916E /* Release */,
			);
			defaultConfigurationIsVisible = 0;
			defaultConfigurationName = Release;
		};
/* End XCConfigurationList section */
	};
	rootObject = 257A689C2BFCFD080056916E /* Project object */;
}
